{
  "nodes": {
    "crane": {
      "inputs": {
        "flake-compat": "flake-compat",
        "flake-utils": "flake-utils",
        "nixpkgs": [
          "legion-kb-rgb",
          "nixpkgs"
        ],
        "rust-overlay": "rust-overlay"
      },
      "locked": {
        "lastModified": 1687211417,
        "narHash": "sha256-VkPp8IJYlxp5Iph9n+2+zHHTSpfF3l9OxYqieD4OKeI=",
        "owner": "ipetkov",
        "repo": "crane",
        "rev": "bd65e0e473f55cfd6b4e6d9f1afb360468f3638a",
        "type": "github"
      },
      "original": {
        "owner": "ipetkov",
        "repo": "crane",
        "type": "github"
      }
    },
    "flake-compat": {
      "flake": false,
      "locked": {
        "lastModified": 1673956053,
        "narHash": "sha256-4gtG9iQuiKITOjNQQeQIpoIB6b16fm+504Ch3sNKLd8=",
        "owner": "edolstra",
        "repo": "flake-compat",
        "rev": "35bb57c0c8d8b62bbfd284272c928ceb64ddbde9",
        "type": "github"
      },
      "original": {
        "owner": "edolstra",
        "repo": "flake-compat",
        "type": "github"
      }
    },
    "flake-utils": {
      "inputs": {
        "systems": "systems_2"
      },
      "locked": {
        "lastModified": 1685518550,
        "narHash": "sha256-o2d0KcvaXzTrPRIo0kOLV0/QXHhDQ5DTi+OxcjO8xqY=",
        "owner": "numtide",
        "repo": "flake-utils",
        "rev": "a1720a10a6cfe8234c0e93907ffe81be440f4cef",
        "type": "github"
      },
      "original": {
        "owner": "numtide",
        "repo": "flake-utils",
        "type": "github"
      }
    },
    "flake-utils_2": {
      "inputs": {
        "systems": "systems_3"
      },
      "locked": {
        "lastModified": 1687171271,
        "narHash": "sha256-BJlq+ozK2B1sJDQXS3tzJM5a+oVZmi1q0FlBK/Xqv7M=",
        "owner": "numtide",
        "repo": "flake-utils",
        "rev": "abfb11bd1aec8ced1c9bb9adfe68018230f4fb3c",
        "type": "github"
      },
      "original": {
        "owner": "numtide",
        "repo": "flake-utils",
        "type": "github"
      }
    },
    "home-manager": {
      "inputs": {
        "nixpkgs": [
          "nixpkgs"
        ]
      },
      "locked": {
        "lastModified": 1693859358,
        "narHash": "sha256-r3Pak/ao3p8weTzR+Ry3qQrfRsmSOwWW5sAe73mrYKs=",
        "owner": "nix-community",
        "repo": "home-manager",
        "rev": "886ea1d213efd1082f419d066e89ef37635dc970",
        "type": "github"
      },
      "original": {
        "owner": "nix-community",
        "ref": "master",
        "repo": "home-manager",
        "type": "github"
      }
    },
    "hyprland": {
      "inputs": {
        "hyprland-protocols": "hyprland-protocols",
        "nixpkgs": "nixpkgs",
        "systems": "systems",
        "wlroots": "wlroots",
        "xdph": "xdph"
      },
      "locked": {
        "lastModified": 1693851147,
        "narHash": "sha256-kkI7FXwKufOmNIIQQHr868tneIV8ggqupBA0EJ/jAuI=",
        "owner": "hyprwm",
        "repo": "Hyprland",
        "rev": "4ddcda93f5887792a953332bf1b487e4b2c3b4ed",
        "type": "github"
      },
      "original": {
        "owner": "hyprwm",
        "repo": "Hyprland",
        "type": "github"
      }
    },
    "hyprland-protocols": {
      "inputs": {
        "nixpkgs": [
          "hyprland",
          "nixpkgs"
        ],
        "systems": [
          "hyprland",
          "systems"
        ]
      },
      "locked": {
        "lastModified": 1691753796,
        "narHash": "sha256-zOEwiWoXk3j3+EoF3ySUJmberFewWlagvewDRuWYAso=",
        "owner": "hyprwm",
        "repo": "hyprland-protocols",
        "rev": "0c2ce70625cb30aef199cb388f99e19a61a6ce03",
        "type": "github"
      },
      "original": {
        "owner": "hyprwm",
        "repo": "hyprland-protocols",
        "type": "github"
      }
    },
    "legion-kb-rgb": {
      "inputs": {
        "crane": "crane",
        "flake-utils": "flake-utils_2",
        "nixpkgs": [
          "nixpkgs"
        ],
        "rust-overlay": "rust-overlay_2"
      },
      "locked": {
        "lastModified": 1687391577,
        "narHash": "sha256-EkpI5/Xc2fxIlshkRe3hl/gO73cn3k8zdSjyKXyf20M=",
        "owner": "4JX",
        "repo": "L5P-Keyboard-RGB",
        "rev": "3f913762435c4ac780b50a4d297bb1cad5a7f863",
        "type": "github"
      },
      "original": {
        "owner": "4JX",
        "ref": "gui-but-better",
        "repo": "L5P-Keyboard-RGB",
        "type": "github"
      }
    },
    "nixos-hardware": {
      "locked": {
        "lastModified": 1693718952,
        "narHash": "sha256-+nGdJlgTk0MPN7NygopipmyylVuAVi7OItIwTlwtGnw=",
        "owner": "nixos",
        "repo": "nixos-hardware",
        "rev": "793de77d9f83418b428e8ba70d1e42c6507d0d35",
        "type": "github"
      },
      "original": {
        "owner": "nixos",
        "repo": "nixos-hardware",
        "type": "github"
      }
    },
    "nixpkgs": {
      "locked": {
        "lastModified": 1693158576,
        "narHash": "sha256-aRTTXkYvhXosGx535iAFUaoFboUrZSYb1Ooih/auGp0=",
        "owner": "NixOS",
        "repo": "nixpkgs",
        "rev": "a999c1cc0c9eb2095729d5aa03e0d8f7ed256780",
        "type": "github"
      },
      "original": {
        "owner": "NixOS",
        "ref": "nixos-unstable",
        "repo": "nixpkgs",
        "type": "github"
      }
    },
    "nixpkgs_2": {
      "locked": {
        "lastModified": 1693663421,
        "narHash": "sha256-ImMIlWE/idjcZAfxKK8sQA7A1Gi/O58u5/CJA+mxvl8=",
        "owner": "nixos",
        "repo": "nixpkgs",
        "rev": "e56990880811a451abd32515698c712788be5720",
        "type": "github"
      },
      "original": {
        "owner": "nixos",
        "ref": "nixos-unstable",
        "repo": "nixpkgs",
        "type": "github"
      }
    },
    "programsdb": {
      "inputs": {
        "nixpkgs": [
          "nixpkgs"
        ],
        "utils": "utils"
      },
      "locked": {
        "lastModified": 1693841551,
        "narHash": "sha256-FKTxHb8thMCr/CBRQjRnT5+fcaKyu5sHhl0JxzOiMcY=",
        "owner": "wamserma",
        "repo": "flake-programs-sqlite",
        "rev": "a14e5043adde4c65ddd3028978e653e0b713bd07",
        "type": "github"
      },
      "original": {
        "owner": "wamserma",
        "repo": "flake-programs-sqlite",
        "type": "github"
      }
    },
    "root": {
      "inputs": {
        "home-manager": "home-manager",
        "hyprland": "hyprland",
        "legion-kb-rgb": "legion-kb-rgb",
        "nixos-hardware": "nixos-hardware",
        "nixpkgs": "nixpkgs_2",
        "programsdb": "programsdb"
      }
    },
    "rust-overlay": {
      "inputs": {
        "flake-utils": [
          "legion-kb-rgb",
          "crane",
          "flake-utils"
        ],
        "nixpkgs": [
          "legion-kb-rgb",
          "crane",
          "nixpkgs"
        ]
      },
      "locked": {
        "lastModified": 1685759304,
        "narHash": "sha256-I3YBH6MS3G5kGzNuc1G0f9uYfTcNY9NYoRc3QsykLk4=",
        "owner": "oxalica",
        "repo": "rust-overlay",
        "rev": "c535b4f3327910c96dcf21851bbdd074d0760290",
        "type": "github"
      },
      "original": {
        "owner": "oxalica",
        "repo": "rust-overlay",
        "type": "github"
      }
    },
    "rust-overlay_2": {
      "inputs": {
        "flake-utils": [
          "legion-kb-rgb",
          "flake-utils"
        ],
        "nixpkgs": [
          "legion-kb-rgb",
          "nixpkgs"
        ]
      },
      "locked": {
        "lastModified": 1687141659,
        "narHash": "sha256-ckvEuxejYmFTyFF0u9CWV8h5u+ubuxA7vYrOw/GXRXg=",
        "owner": "oxalica",
        "repo": "rust-overlay",
        "rev": "86302751ef371597d48951983e1a2f04fe78d4ff",
        "type": "github"
      },
      "original": {
        "owner": "oxalica",
        "repo": "rust-overlay",
        "type": "github"
      }
    },
    "systems": {
      "locked": {
        "lastModified": 1689347949,
        "narHash": "sha256-12tWmuL2zgBgZkdoB6qXZsgJEH9LR3oUgpaQq2RbI80=",
        "owner": "nix-systems",
        "repo": "default-linux",
        "rev": "31732fcf5e8fea42e59c2488ad31a0e651500f68",
        "type": "github"
      },
      "original": {
        "owner": "nix-systems",
        "repo": "default-linux",
        "type": "github"
      }
    },
    "systems_2": {
      "locked": {
        "lastModified": 1681028828,
        "narHash": "sha256-Vy1rq5AaRuLzOxct8nz4T6wlgyUR7zLU309k9mBC768=",
        "owner": "nix-systems",
        "repo": "default",
        "rev": "da67096a3b9bf56a91d16901293e51ba5b49a27e",
        "type": "github"
      },
      "original": {
        "owner": "nix-systems",
        "repo": "default",
        "type": "github"
      }
    },
    "systems_3": {
      "locked": {
        "lastModified": 1681028828,
        "narHash": "sha256-Vy1rq5AaRuLzOxct8nz4T6wlgyUR7zLU309k9mBC768=",
        "owner": "nix-systems",
        "repo": "default",
        "rev": "da67096a3b9bf56a91d16901293e51ba5b49a27e",
        "type": "github"
      },
      "original": {
        "owner": "nix-systems",
        "repo": "default",
        "type": "github"
      }
    },
    "utils": {
      "locked": {
        "lastModified": 1678901627,
        "narHash": "sha256-U02riOqrKKzwjsxc/400XnElV+UtPUQWpANPlyazjH0=",
        "owner": "numtide",
        "repo": "flake-utils",
        "rev": "93a2b84fc4b70d9e089d029deacc3583435c2ed6",
        "type": "github"
      },
      "original": {
        "owner": "numtide",
        "repo": "flake-utils",
        "type": "github"
      }
    },
    "wlroots": {
      "flake": false,
      "locked": {
        "host": "gitlab.freedesktop.org",
        "lastModified": 1692976565,
        "narHash": "sha256-eBKkG7tMxg92NskEn8dHRFY245JwjirWRoOZzW6DnUw=",
        "owner": "wlroots",
        "repo": "wlroots",
        "rev": "717ded9bb0191ea31bf4368be32e7a15fe1b8294",
        "type": "gitlab"
      },
      "original": {
        "host": "gitlab.freedesktop.org",
        "owner": "wlroots",
        "repo": "wlroots",
        "rev": "717ded9bb0191ea31bf4368be32e7a15fe1b8294",
        "type": "gitlab"
      }
    },
    "xdph": {
      "inputs": {
        "hyprland-protocols": [
          "hyprland",
          "hyprland-protocols"
        ],
        "nixpkgs": [
          "hyprland",
          "nixpkgs"
        ],
        "systems": [
          "hyprland",
          "systems"
        ]
      },
      "locked": {
        "lastModified": 1691841170,
        "narHash": "sha256-RCTm1/MVWYPnReMgyp7tr2ogGYo/pvw38jZaFwemgPU=",
        "owner": "hyprwm",
        "repo": "xdg-desktop-portal-hyprland",
        "rev": "57a3a41ba6b358109e4fc25c6a4706b5f7d93c6b",
        "type": "github"
      },
      "original": {
        "owner": "hyprwm",
        "repo": "xdg-desktop-portal-hyprland",
        "type": "github"
      }
    }
  },
  "root": "root",
  "version": 7
}
